
Microsoft Visual Studio Solution File, Format Version 12.00
# Visual Studio Version 16
VisualStudioVersion = 16.0.31515.178
MinimumVisualStudioVersion = 10.0.40219.1
Project("{9A19103F-16F7-4668-BE54-9A1E7A4F7556}") = "BlazorServerApp", "WebApplication1\BlazorServerApp.csproj", "{2FC115D9-9CDF-48C8-8B7F-F0B54B4D6E83}"
EndProject
Project("{9A19103F-16F7-4668-BE54-9A1E7A4F7556}") = "DataAccess", "DataAccess\DataAccess.csproj", "{5B6E641C-ED89-4061-BBF6-F314918EB7EE}"
EndProject
Project("{9A19103F-16F7-4668-BE54-9A1E7A4F7556}") = "WorkerService", "WorkerService\WorkerService.csproj", "{FF247C9A-632D-4219-92E6-1018C6AE0D75}"
EndProject
Project("{FAE04EC0-301F-11D3-BF4B-00C04F79EFBC}") = "WebAPICore", "WebAPICore\WebAPICore.csproj", "{3F767EC1-D3F7-459C-A388-C9DDB62B891A}"
EndProject
Project("{FAE04EC0-301F-11D3-BF4B-00C04F79EFBC}") = "WorkerSrc", "WorkerSrc\WorkerSrc.csproj", "{105E727D-DD8D-4F12-B78A-571AF83B39D3}"
EndProject
Global
	GlobalSection(SolutionConfigurationPlatforms) = preSolution
		Debug|Any CPU = Debug|Any CPU
		Release|Any CPU = Release|Any CPU
	EndGlobalSection
	GlobalSection(ProjectConfigurationPlatforms) = postSolution
		{2FC115D9-9CDF-48C8-8B7F-F0B54B4D6E83}.Debug|Any CPU.ActiveCfg = Debug|Any CPU
		{2FC115D9-9CDF-48C8-8B7F-F0B54B4D6E83}.Debug|Any CPU.Build.0 = Debug|Any CPU
		{2FC115D9-9CDF-48C8-8B7F-F0B54B4D6E83}.Release|Any CPU.ActiveCfg = Release|Any CPU
		{2FC115D9-9CDF-48C8-8B7F-F0B54B4D6E83}.Release|Any CPU.Build.0 = Release|Any CPU
		{5B6E641C-ED89-4061-BBF6-F314918EB7EE}.Debug|Any CPU.ActiveCfg = Debug|Any CPU
		{5B6E641C-ED89-4061-BBF6-F314918EB7EE}.Debug|Any CPU.Build.0 = Debug|Any CPU
		{5B6E641C-ED89-4061-BBF6-F314918EB7EE}.Release|Any CPU.ActiveCfg = Release|Any CPU
		{5B6E641C-ED89-4061-BBF6-F314918EB7EE}.Release|Any CPU.Build.0 = Release|Any CPU
		{FF247C9A-632D-4219-92E6-1018C6AE0D75}.Debug|Any CPU.ActiveCfg = Debug|Any CPU
		{FF247C9A-632D-4219-92E6-1018C6AE0D75}.Debug|Any CPU.Build.0 = Debug|Any CPU
		{FF247C9A-632D-4219-92E6-1018C6AE0D75}.Release|Any CPU.ActiveCfg = Release|Any CPU
		{FF247C9A-632D-4219-92E6-1018C6AE0D75}.Release|Any CPU.Build.0 = Release|Any CPU
		{3F767EC1-D3F7-459C-A388-C9DDB62B891A}.Debug|Any CPU.ActiveCfg = Debug|Any CPU
		{3F767EC1-D3F7-459C-A388-C9DDB62B891A}.Debug|Any CPU.Build.0 = Debug|Any CPU
		{3F767EC1-D3F7-459C-A388-C9DDB62B891A}.Release|Any CPU.ActiveCfg = Release|Any CPU
		{3F767EC1-D3F7-459C-A388-C9DDB62B891A}.Release|Any CPU.Build.0 = Release|Any CPU
		{105E727D-DD8D-4F12-B78A-571AF83B39D3}.Debug|Any CPU.ActiveCfg = Debug|Any CPU
		{105E727D-DD8D-4F12-B78A-571AF83B39D3}.Debug|Any CPU.Build.0 = Debug|Any CPU
		{105E727D-DD8D-4F12-B78A-571AF83B39D3}.Release|Any CPU.ActiveCfg = Release|Any CPU
		{105E727D-DD8D-4F12-B78A-571AF83B39D3}.Release|Any CPU.Build.0 = Release|Any CPU
	EndGlobalSection
	GlobalSection(SolutionProperties) = preSolution
		HideSolutionNode = FALSE
	EndGlobalSection
	GlobalSection(ExtensibilityGlobals) = postSolution
		SolutionGuid = {A8F38710-92F1-4771-B804-21DEC1C79058}
	EndGlobalSection
EndGlobal
