
Microsoft Visual Studio Solution File, Format Version 12.00
# Visual Studio Version 16
VisualStudioVersion = 16.0.31515.178
MinimumVisualStudioVersion = 10.0.40219.1
Project("{9A19103F-16F7-4668-BE54-9A1E7A4F7556}") = "BlazorServerApp", "WebApplication1\BlazorServerApp.csproj", "{2FC115D9-9CDF-48C8-8B7F-F0B54B4D6E83}"
EndProject
Project("{9A19103F-16F7-4668-BE54-9A1E7A4F7556}") = "DataAccess", "DataAccess\DataAccess.csproj", "{5B6E641C-ED89-4061-BBF6-F314918EB7EE}"
EndProject
Project("{FAE04EC0-301F-11D3-BF4B-00C04F79EFBC}") = "APIWorkerService", "APIWorkerService\APIWorkerService.csproj", "{1356FE14-8187-484F-AC77-A670A35AFD1D}"
EndProject
Project("{FAE04EC0-301F-11D3-BF4B-00C04F79EFBC}") = "ConsoleApp", "ConsoleApp\ConsoleApp.csproj", "{626E7459-0278-4020-8805-114009350BD5}"
EndProject
Global
	GlobalSection(SolutionConfigurationPlatforms) = preSolution
		Debug|Any CPU = Debug|Any CPU
		Release|Any CPU = Release|Any CPU
	EndGlobalSection
	GlobalSection(ProjectConfigurationPlatforms) = postSolution
		{2FC115D9-9CDF-48C8-8B7F-F0B54B4D6E83}.Debug|Any CPU.ActiveCfg = Debug|Any CPU
		{2FC115D9-9CDF-48C8-8B7F-F0B54B4D6E83}.Debug|Any CPU.Build.0 = Debug|Any CPU
		{2FC115D9-9CDF-48C8-8B7F-F0B54B4D6E83}.Release|Any CPU.ActiveCfg = Release|Any CPU
		{2FC115D9-9CDF-48C8-8B7F-F0B54B4D6E83}.Release|Any CPU.Build.0 = Release|Any CPU
		{5B6E641C-ED89-4061-BBF6-F314918EB7EE}.Debug|Any CPU.ActiveCfg = Debug|Any CPU
		{5B6E641C-ED89-4061-BBF6-F314918EB7EE}.Debug|Any CPU.Build.0 = Debug|Any CPU
		{5B6E641C-ED89-4061-BBF6-F314918EB7EE}.Release|Any CPU.ActiveCfg = Release|Any CPU
		{5B6E641C-ED89-4061-BBF6-F314918EB7EE}.Release|Any CPU.Build.0 = Release|Any CPU
		{1356FE14-8187-484F-AC77-A670A35AFD1D}.Debug|Any CPU.ActiveCfg = Debug|Any CPU
		{1356FE14-8187-484F-AC77-A670A35AFD1D}.Debug|Any CPU.Build.0 = Debug|Any CPU
		{1356FE14-8187-484F-AC77-A670A35AFD1D}.Release|Any CPU.ActiveCfg = Release|Any CPU
		{1356FE14-8187-484F-AC77-A670A35AFD1D}.Release|Any CPU.Build.0 = Release|Any CPU
		{626E7459-0278-4020-8805-114009350BD5}.Debug|Any CPU.ActiveCfg = Debug|Any CPU
		{626E7459-0278-4020-8805-114009350BD5}.Debug|Any CPU.Build.0 = Debug|Any CPU
		{626E7459-0278-4020-8805-114009350BD5}.Release|Any CPU.ActiveCfg = Release|Any CPU
		{626E7459-0278-4020-8805-114009350BD5}.Release|Any CPU.Build.0 = Release|Any CPU
	EndGlobalSection
	GlobalSection(SolutionProperties) = preSolution
		HideSolutionNode = FALSE
	EndGlobalSection
	GlobalSection(ExtensibilityGlobals) = postSolution
		SolutionGuid = {A8F38710-92F1-4771-B804-21DEC1C79058}
	EndGlobalSection
EndGlobal
